
Microsoft Visual Studio Solution File, Format Version 12.00
# Visual Studio Version 17
VisualStudioVersion = 17.11.35327.3
MinimumVisualStudioVersion = 10.0.40219.1
Project("{9A19103F-16F7-4668-BE54-9A1E7A4F7556}") = "unite", "unit\unite.csproj", "{17547957-0F68-4FB9-BDF5-223DAC28EB56}"
EndProject
Global
	GlobalSection(SolutionConfigurationPlatforms) = preSolution
		Debug|Any CPU = Debug|Any CPU
		Release|Any CPU = Release|Any CPU
	EndGlobalSection
	GlobalSection(ProjectConfigurationPlatforms) = postSolution
		{17547957-0F68-4FB9-BDF5-223DAC28EB56}.Debug|Any CPU.ActiveCfg = Debug|Any CPU
		{17547957-0F68-4FB9-BDF5-223DAC28EB56}.Debug|Any CPU.Build.0 = Debug|Any CPU
		{17547957-0F68-4FB9-BDF5-223DAC28EB56}.Release|Any CPU.ActiveCfg = Release|Any CPU
		{17547957-0F68-4FB9-BDF5-223DAC28EB56}.Release|Any CPU.Build.0 = Release|Any CPU
	EndGlobalSection
	GlobalSection(SolutionProperties) = preSolution
		HideSolutionNode = FALSE
	EndGlobalSection
	GlobalSection(ExtensibilityGlobals) = postSolution
		SolutionGuid = {A821A915-8130-4A87-97DA-6BA24ECB29A2}
	EndGlobalSection
EndGlobal
